
Microsoft Visual Studio Solution File, Format Version 12.00
# Visual Studio Version 17
VisualStudioVersion = 17.1.32328.378
MinimumVisualStudioVersion = 10.0.40219.1
Project("{9A19103F-16F7-4668-BE54-9A1E7A4F7556}") = "kaspi-test", "kaspi-test\kaspi-test.csproj", "{5CECA5CC-A28F-4BC5-942B-AFEF27274B0E}"
EndProject
Project("{9A19103F-16F7-4668-BE54-9A1E7A4F7556}") = "DapperRepository", "Repository\DapperRepository.csproj", "{680A7AD5-058F-4825-A524-9668D16065F5}"
EndProject
Project("{9A19103F-16F7-4668-BE54-9A1E7A4F7556}") = "Domain", "Domain\Domain.csproj", "{3827CF08-FFD0-4700-83FB-502D057A051C}"
EndProject
Project("{FAE04EC0-301F-11D3-BF4B-00C04F79EFBC}") = "Scrapper", "Scrapper\Scrapper.csproj", "{173FDB1E-8E49-477E-B563-153C0715DEA4}"
EndProject
Global
	GlobalSection(SolutionConfigurationPlatforms) = preSolution
		Debug|Any CPU = Debug|Any CPU
		Release|Any CPU = Release|Any CPU
	EndGlobalSection
	GlobalSection(ProjectConfigurationPlatforms) = postSolution
		{5CECA5CC-A28F-4BC5-942B-AFEF27274B0E}.Debug|Any CPU.ActiveCfg = Debug|Any CPU
		{5CECA5CC-A28F-4BC5-942B-AFEF27274B0E}.Debug|Any CPU.Build.0 = Debug|Any CPU
		{5CECA5CC-A28F-4BC5-942B-AFEF27274B0E}.Release|Any CPU.ActiveCfg = Release|Any CPU
		{5CECA5CC-A28F-4BC5-942B-AFEF27274B0E}.Release|Any CPU.Build.0 = Release|Any CPU
		{680A7AD5-058F-4825-A524-9668D16065F5}.Debug|Any CPU.ActiveCfg = Debug|Any CPU
		{680A7AD5-058F-4825-A524-9668D16065F5}.Debug|Any CPU.Build.0 = Debug|Any CPU
		{680A7AD5-058F-4825-A524-9668D16065F5}.Release|Any CPU.ActiveCfg = Release|Any CPU
		{680A7AD5-058F-4825-A524-9668D16065F5}.Release|Any CPU.Build.0 = Release|Any CPU
		{3827CF08-FFD0-4700-83FB-502D057A051C}.Debug|Any CPU.ActiveCfg = Debug|Any CPU
		{3827CF08-FFD0-4700-83FB-502D057A051C}.Debug|Any CPU.Build.0 = Debug|Any CPU
		{3827CF08-FFD0-4700-83FB-502D057A051C}.Release|Any CPU.ActiveCfg = Release|Any CPU
		{3827CF08-FFD0-4700-83FB-502D057A051C}.Release|Any CPU.Build.0 = Release|Any CPU
		{173FDB1E-8E49-477E-B563-153C0715DEA4}.Debug|Any CPU.ActiveCfg = Debug|Any CPU
		{173FDB1E-8E49-477E-B563-153C0715DEA4}.Debug|Any CPU.Build.0 = Debug|Any CPU
		{173FDB1E-8E49-477E-B563-153C0715DEA4}.Release|Any CPU.ActiveCfg = Release|Any CPU
		{173FDB1E-8E49-477E-B563-153C0715DEA4}.Release|Any CPU.Build.0 = Release|Any CPU
	EndGlobalSection
	GlobalSection(SolutionProperties) = preSolution
		HideSolutionNode = FALSE
	EndGlobalSection
	GlobalSection(ExtensibilityGlobals) = postSolution
		SolutionGuid = {88BD9B1F-A787-4052-9BED-4D8DBFCC9531}
	EndGlobalSection
EndGlobal
